{
  "name": "8-import",
  "version": "1.0.0",
  "lockfileVersion": 3,
  "requires": true,
  "packages": {
    "": {
      "name": "8-import",
      "version": "1.0.0",
      "license": "ISC",
      "dependencies": {
        "@samplesleo/validations": "^1.0.6"
      }
    },
    "node_modules/@samplesleo/validations": {
      "version": "1.0.6",
      "resolved": "https://registry.npmjs.org/@samplesleo/validations/-/validations-1.0.6.tgz",
      "integrity": "sha512-YbOnb3s2bFFX3uIgDkKszPjBDOrVyI1GPiVRbxvjWzT3mBe0TQ4Raqauz/u+iiH6OjTMQcZttvZnLQ9EIqajaw==",
      "license": "ISC"
    }
  }
}
